
Microsoft Visual Studio Solution File, Format Version 12.00
# Visual Studio 15
Project("{FAE04EC0-301F-11D3-BF4B-00C04F79EFBC}") = "Assembly-CSharp", "Assembly-CSharp.csproj", "{99CB0609-1F06-3191-952B-0D23F5223E86}"
EndProject
Project("{FAE04EC0-301F-11D3-BF4B-00C04F79EFBC}") = "Assembly-CSharp-Editor", "Assembly-CSharp-Editor.csproj", "{383D35B5-E259-026C-D8AF-9CEB88AD76DA}"
EndProject
Global
	GlobalSection(SolutionConfigurationPlatforms) = preSolution
		Debug|Any CPU = Debug|Any CPU
		Release|Any CPU = Release|Any CPU
	EndGlobalSection
	GlobalSection(ProjectConfigurationPlatforms) = postSolution
		{99CB0609-1F06-3191-952B-0D23F5223E86}.Debug|Any CPU.ActiveCfg = Debug|Any CPU
		{99CB0609-1F06-3191-952B-0D23F5223E86}.Debug|Any CPU.Build.0 = Debug|Any CPU
		{99CB0609-1F06-3191-952B-0D23F5223E86}.Release|Any CPU.ActiveCfg = Release|Any CPU
		{99CB0609-1F06-3191-952B-0D23F5223E86}.Release|Any CPU.Build.0 = Release|Any CPU
		{383D35B5-E259-026C-D8AF-9CEB88AD76DA}.Debug|Any CPU.ActiveCfg = Debug|Any CPU
		{383D35B5-E259-026C-D8AF-9CEB88AD76DA}.Debug|Any CPU.Build.0 = Debug|Any CPU
		{383D35B5-E259-026C-D8AF-9CEB88AD76DA}.Release|Any CPU.ActiveCfg = Release|Any CPU
		{383D35B5-E259-026C-D8AF-9CEB88AD76DA}.Release|Any CPU.Build.0 = Release|Any CPU
	EndGlobalSection
	GlobalSection(SolutionProperties) = preSolution
		HideSolutionNode = FALSE
	EndGlobalSection
EndGlobal
